// !$*UTF8*$!
{
	archiveVersion = 1;
	classes = {
	};
	objectVersion = 77;
	objects = {

/* Begin PBXBuildFile section */
		690188772CF8FE37006A0CA6 /* Supabase in Frameworks */ = {isa = PBXBuildFile; productRef = 690188762CF8FE37006A0CA6 /* Supabase */; };
		6903F28A2CE3FED60058630B /* GoogleSignIn in Frameworks */ = {isa = PBXBuildFile; productRef = 6903F2892CE3FED60058630B /* GoogleSignIn */; };
		690991182D0E3B2400419383 /* GoogleSignInSwift in Frameworks */ = {isa = PBXBuildFile; productRef = 690991172D0E3B2400419383 /* GoogleSignInSwift */; };
		6909911A2D0E3B2400419383 /* SwiftyCrop in Frameworks */ = {isa = PBXBuildFile; productRef = 690991192D0E3B2400419383 /* SwiftyCrop */; };
		69BF98642D6FCF0200CF2660 /* SimpleToast in Frameworks */ = {isa = PBXBuildFile; productRef = 69BF98632D6FCF0200CF2660 /* SimpleToast */; };
		69CA52D62D72F1230091FDF7 /* Shimmer in Frameworks */ = {isa = PBXBuildFile; productRef = 69CA52D52D72F1230091FDF7 /* Shimmer */; };
		69CA55142D77AFF70091FDF7 /* Alamofire in Frameworks */ = {isa = PBXBuildFile; productRef = 69CA55132D77AFF70091FDF7 /* Alamofire */; };
/* End PBXBuildFile section */

/* Begin PBXContainerItemProxy section */
		6903F2542CE2A27B0058630B /* PBXContainerItemProxy */ = {
			isa = PBXContainerItemProxy;
			containerPortal = 6903F2362CE2A2790058630B /* Project object */;
			proxyType = 1;
			remoteGlobalIDString = 6903F23D2CE2A2790058630B;
			remoteInfo = dewy;
		};
		6903F25E2CE2A27B0058630B /* PBXContainerItemProxy */ = {
			isa = PBXContainerItemProxy;
			containerPortal = 6903F2362CE2A2790058630B /* Project object */;
			proxyType = 1;
			remoteGlobalIDString = 6903F23D2CE2A2790058630B;
			remoteInfo = dewy;
		};
/* End PBXContainerItemProxy section */

/* Begin PBXFileReference section */
		6903F23E2CE2A2790058630B /* dewy.app */ = {isa = PBXFileReference; explicitFileType = wrapper.application; includeInIndex = 0; path = dewy.app; sourceTree = BUILT_PRODUCTS_DIR; };
		6903F2532CE2A27B0058630B /* dewyTests.xctest */ = {isa = PBXFileReference; explicitFileType = wrapper.cfbundle; includeInIndex = 0; path = dewyTests.xctest; sourceTree = BUILT_PRODUCTS_DIR; };
		6903F25D2CE2A27B0058630B /* dewyUITests.xctest */ = {isa = PBXFileReference; explicitFileType = wrapper.cfbundle; includeInIndex = 0; path = dewyUITests.xctest; sourceTree = BUILT_PRODUCTS_DIR; };
/* End PBXFileReference section */

/* Begin PBXFileSystemSynchronizedBuildFileExceptionSet section */
		6903F2A02CE444530058630B /* Exceptions for "dewy" folder in "dewy" target */ = {
			isa = PBXFileSystemSynchronizedBuildFileExceptionSet;
			membershipExceptions = (
				Info.plist,
			);
			target = 6903F23D2CE2A2790058630B /* dewy */;
		};
/* End PBXFileSystemSynchronizedBuildFileExceptionSet section */

/* Begin PBXFileSystemSynchronizedRootGroup section */
		6903F2402CE2A2790058630B /* dewy */ = {
			isa = PBXFileSystemSynchronizedRootGroup;
			exceptions = (
				6903F2A02CE444530058630B /* Exceptions for "dewy" folder in "dewy" target */,
			);
			path = dewy;
			sourceTree = "<group>";
		};
		6903F2562CE2A27B0058630B /* dewyTests */ = {
			isa = PBXFileSystemSynchronizedRootGroup;
			path = dewyTests;
			sourceTree = "<group>";
		};
		6903F2602CE2A27B0058630B /* dewyUITests */ = {
			isa = PBXFileSystemSynchronizedRootGroup;
			path = dewyUITests;
			sourceTree = "<group>";
		};
/* End PBXFileSystemSynchronizedRootGroup section */

/* Begin PBXFrameworksBuildPhase section */
		6903F23B2CE2A2790058630B /* Frameworks */ = {
			isa = PBXFrameworksBuildPhase;
			buildActionMask = 2147483647;
			files = (
				69CA52D62D72F1230091FDF7 /* Shimmer in Frameworks */,
				69CA55142D77AFF70091FDF7 /* Alamofire in Frameworks */,
				6909911A2D0E3B2400419383 /* SwiftyCrop in Frameworks */,
				690991182D0E3B2400419383 /* GoogleSignInSwift in Frameworks */,
				6903F28A2CE3FED60058630B /* GoogleSignIn in Frameworks */,
				690188772CF8FE37006A0CA6 /* Supabase in Frameworks */,
				69BF98642D6FCF0200CF2660 /* SimpleToast in Frameworks */,
			);
			runOnlyForDeploymentPostprocessing = 0;
		};
		6903F2502CE2A27B0058630B /* Frameworks */ = {
			isa = PBXFrameworksBuildPhase;
			buildActionMask = 2147483647;
			files = (
			);
			runOnlyForDeploymentPostprocessing = 0;
		};
		6903F25A2CE2A27B0058630B /* Frameworks */ = {
			isa = PBXFrameworksBuildPhase;
			buildActionMask = 2147483647;
			files = (
			);
			runOnlyForDeploymentPostprocessing = 0;
		};
/* End PBXFrameworksBuildPhase section */

/* Begin PBXGroup section */
		6903F2352CE2A2790058630B = {
			isa = PBXGroup;
			children = (
				6903F2402CE2A2790058630B /* dewy */,
				6903F2562CE2A27B0058630B /* dewyTests */,
				6903F2602CE2A27B0058630B /* dewyUITests */,
				690991162D0E3B2400419383 /* Frameworks */,
				6903F23F2CE2A2790058630B /* Products */,
			);
			sourceTree = "<group>";
		};
		6903F23F2CE2A2790058630B /* Products */ = {
			isa = PBXGroup;
			children = (
				6903F23E2CE2A2790058630B /* dewy.app */,
				6903F2532CE2A27B0058630B /* dewyTests.xctest */,
				6903F25D2CE2A27B0058630B /* dewyUITests.xctest */,
			);
			name = Products;
			sourceTree = "<group>";
		};
		690991162D0E3B2400419383 /* Frameworks */ = {
			isa = PBXGroup;
			children = (
			);
			name = Frameworks;
			sourceTree = "<group>";
		};
/* End PBXGroup section */

/* Begin PBXNativeTarget section */
		6903F23D2CE2A2790058630B /* dewy */ = {
			isa = PBXNativeTarget;
			buildConfigurationList = 6903F2672CE2A27B0058630B /* Build configuration list for PBXNativeTarget "dewy" */;
			buildPhases = (
				6903F23A2CE2A2790058630B /* Sources */,
				6903F23B2CE2A2790058630B /* Frameworks */,
				6903F23C2CE2A2790058630B /* Resources */,
			);
			buildRules = (
			);
			dependencies = (
			);
			fileSystemSynchronizedGroups = (
				6903F2402CE2A2790058630B /* dewy */,
			);
			name = dewy;
			packageProductDependencies = (
				6903F2892CE3FED60058630B /* GoogleSignIn */,
				690188762CF8FE37006A0CA6 /* Supabase */,
				690991172D0E3B2400419383 /* GoogleSignInSwift */,
				690991192D0E3B2400419383 /* SwiftyCrop */,
				69BF98632D6FCF0200CF2660 /* SimpleToast */,
				69CA52D52D72F1230091FDF7 /* Shimmer */,
				69CA55132D77AFF70091FDF7 /* Alamofire */,
			);
			productName = dewy;
			productReference = 6903F23E2CE2A2790058630B /* dewy.app */;
			productType = "com.apple.product-type.application";
		};
		6903F2522CE2A27B0058630B /* dewyTests */ = {
			isa = PBXNativeTarget;
			buildConfigurationList = 6903F26A2CE2A27B0058630B /* Build configuration list for PBXNativeTarget "dewyTests" */;
			buildPhases = (
				6903F24F2CE2A27B0058630B /* Sources */,
				6903F2502CE2A27B0058630B /* Frameworks */,
				6903F2512CE2A27B0058630B /* Resources */,
			);
			buildRules = (
			);
			dependencies = (
				6903F2552CE2A27B0058630B /* PBXTargetDependency */,
			);
			fileSystemSynchronizedGroups = (
				6903F2562CE2A27B0058630B /* dewyTests */,
			);
			name = dewyTests;
			packageProductDependencies = (
			);
			productName = dewyTests;
			productReference = 6903F2532CE2A27B0058630B /* dewyTests.xctest */;
			productType = "com.apple.product-type.bundle.unit-test";
		};
		6903F25C2CE2A27B0058630B /* dewyUITests */ = {
			isa = PBXNativeTarget;
			buildConfigurationList = 6903F26D2CE2A27B0058630B /* Build configuration list for PBXNativeTarget "dewyUITests" */;
			buildPhases = (
				6903F2592CE2A27B0058630B /* Sources */,
				6903F25A2CE2A27B0058630B /* Frameworks */,
				6903F25B2CE2A27B0058630B /* Resources */,
			);
			buildRules = (
			);
			dependencies = (
				6903F25F2CE2A27B0058630B /* PBXTargetDependency */,
			);
			fileSystemSynchronizedGroups = (
				6903F2602CE2A27B0058630B /* dewyUITests */,
			);
			name = dewyUITests;
			packageProductDependencies = (
			);
			productName = dewyUITests;
			productReference = 6903F25D2CE2A27B0058630B /* dewyUITests.xctest */;
			productType = "com.apple.product-type.bundle.ui-testing";
		};
/* End PBXNativeTarget section */

/* Begin PBXProject section */
		6903F2362CE2A2790058630B /* Project object */ = {
			isa = PBXProject;
			attributes = {
				BuildIndependentTargetsInParallel = 1;
				LastSwiftUpdateCheck = 1610;
				LastUpgradeCheck = 1610;
				TargetAttributes = {
					6903F23D2CE2A2790058630B = {
						CreatedOnToolsVersion = 16.1;
					};
					6903F2522CE2A27B0058630B = {
						CreatedOnToolsVersion = 16.1;
						TestTargetID = 6903F23D2CE2A2790058630B;
					};
					6903F25C2CE2A27B0058630B = {
						CreatedOnToolsVersion = 16.1;
						TestTargetID = 6903F23D2CE2A2790058630B;
					};
				};
			};
			buildConfigurationList = 6903F2392CE2A2790058630B /* Build configuration list for PBXProject "dewy" */;
			developmentRegion = en;
			hasScannedForEncodings = 0;
			knownRegions = (
				en,
				Base,
			);
			mainGroup = 6903F2352CE2A2790058630B;
			minimizedProjectReferenceProxies = 1;
			packageReferences = (
				6903F2882CE3FED60058630B /* XCRemoteSwiftPackageReference "GoogleSignIn-iOS" */,
				690188752CF8FE37006A0CA6 /* XCRemoteSwiftPackageReference "supabase-swift" */,
				6971BD9D2D0E3A640063F2FC /* XCRemoteSwiftPackageReference "SwiftyCrop" */,
				693B81942D6FCD1A000E3498 /* XCRemoteSwiftPackageReference "SimpleToast" */,
				6901F9F22D72EE40008DECF3 /* XCRemoteSwiftPackageReference "SwiftUI-Shimmer" */,
				69CA55122D77AFE90091FDF7 /* XCRemoteSwiftPackageReference "Alamofire" */,
			);
			preferredProjectObjectVersion = 77;
			productRefGroup = 6903F23F2CE2A2790058630B /* Products */;
			projectDirPath = "";
			projectRoot = "";
			targets = (
				6903F23D2CE2A2790058630B /* dewy */,
				6903F2522CE2A27B0058630B /* dewyTests */,
				6903F25C2CE2A27B0058630B /* dewyUITests */,
			);
		};
/* End PBXProject section */

/* Begin PBXResourcesBuildPhase section */
		6903F23C2CE2A2790058630B /* Resources */ = {
			isa = PBXResourcesBuildPhase;
			buildActionMask = 2147483647;
			files = (
			);
			runOnlyForDeploymentPostprocessing = 0;
		};
		6903F2512CE2A27B0058630B /* Resources */ = {
			isa = PBXResourcesBuildPhase;
			buildActionMask = 2147483647;
			files = (
			);
			runOnlyForDeploymentPostprocessing = 0;
		};
		6903F25B2CE2A27B0058630B /* Resources */ = {
			isa = PBXResourcesBuildPhase;
			buildActionMask = 2147483647;
			files = (
			);
			runOnlyForDeploymentPostprocessing = 0;
		};
/* End PBXResourcesBuildPhase section */

/* Begin PBXSourcesBuildPhase section */
		6903F23A2CE2A2790058630B /* Sources */ = {
			isa = PBXSourcesBuildPhase;
			buildActionMask = 2147483647;
			files = (
			);
			runOnlyForDeploymentPostprocessing = 0;
		};
		6903F24F2CE2A27B0058630B /* Sources */ = {
			isa = PBXSourcesBuildPhase;
			buildActionMask = 2147483647;
			files = (
			);
			runOnlyForDeploymentPostprocessing = 0;
		};
		6903F2592CE2A27B0058630B /* Sources */ = {
			isa = PBXSourcesBuildPhase;
			buildActionMask = 2147483647;
			files = (
			);
			runOnlyForDeploymentPostprocessing = 0;
		};
/* End PBXSourcesBuildPhase section */

/* Begin PBXTargetDependency section */
		6903F2552CE2A27B0058630B /* PBXTargetDependency */ = {
			isa = PBXTargetDependency;
			target = 6903F23D2CE2A2790058630B /* dewy */;
			targetProxy = 6903F2542CE2A27B0058630B /* PBXContainerItemProxy */;
		};
		6903F25F2CE2A27B0058630B /* PBXTargetDependency */ = {
			isa = PBXTargetDependency;
			target = 6903F23D2CE2A2790058630B /* dewy */;
			targetProxy = 6903F25E2CE2A27B0058630B /* PBXContainerItemProxy */;
		};
/* End PBXTargetDependency section */

/* Begin XCBuildConfiguration section */
		6903F2652CE2A27B0058630B /* Debug */ = {
			isa = XCBuildConfiguration;
			buildSettings = {
				ALWAYS_SEARCH_USER_PATHS = NO;
				ASSETCATALOG_COMPILER_GENERATE_SWIFT_ASSET_SYMBOL_EXTENSIONS = YES;
				CLANG_ANALYZER_NONNULL = YES;
				CLANG_ANALYZER_NUMBER_OBJECT_CONVERSION = YES_AGGRESSIVE;
				CLANG_CXX_LANGUAGE_STANDARD = "gnu++20";
				CLANG_ENABLE_MODULES = YES;
				CLANG_ENABLE_OBJC_ARC = YES;
				CLANG_ENABLE_OBJC_WEAK = YES;
				CLANG_WARN_BLOCK_CAPTURE_AUTORELEASING = YES;
				CLANG_WARN_BOOL_CONVERSION = YES;
				CLANG_WARN_COMMA = YES;
				CLANG_WARN_CONSTANT_CONVERSION = YES;
				CLANG_WARN_DEPRECATED_OBJC_IMPLEMENTATIONS = YES;
				CLANG_WARN_DIRECT_OBJC_ISA_USAGE = YES_ERROR;
				CLANG_WARN_DOCUMENTATION_COMMENTS = YES;
				CLANG_WARN_EMPTY_BODY = YES;
				CLANG_WARN_ENUM_CONVERSION = YES;
				CLANG_WARN_INFINITE_RECURSION = YES;
				CLANG_WARN_INT_CONVERSION = YES;
				CLANG_WARN_NON_LITERAL_NULL_CONVERSION = YES;
				CLANG_WARN_OBJC_IMPLICIT_RETAIN_SELF = YES;
				CLANG_WARN_OBJC_LITERAL_CONVERSION = YES;
				CLANG_WARN_OBJC_ROOT_CLASS = YES_ERROR;
				CLANG_WARN_QUOTED_INCLUDE_IN_FRAMEWORK_HEADER = YES;
				CLANG_WARN_RANGE_LOOP_ANALYSIS = YES;
				CLANG_WARN_STRICT_PROTOTYPES = YES;
				CLANG_WARN_SUSPICIOUS_MOVE = YES;
				CLANG_WARN_UNGUARDED_AVAILABILITY = YES_AGGRESSIVE;
				CLANG_WARN_UNREACHABLE_CODE = YES;
				CLANG_WARN__DUPLICATE_METHOD_MATCH = YES;
				COPY_PHASE_STRIP = NO;
				DEBUG_INFORMATION_FORMAT = dwarf;
				ENABLE_STRICT_OBJC_MSGSEND = YES;
				ENABLE_TESTABILITY = YES;
				ENABLE_USER_SCRIPT_SANDBOXING = YES;
				GCC_C_LANGUAGE_STANDARD = gnu17;
				GCC_DYNAMIC_NO_PIC = NO;
				GCC_NO_COMMON_BLOCKS = YES;
				GCC_OPTIMIZATION_LEVEL = 0;
				GCC_PREPROCESSOR_DEFINITIONS = (
					"DEBUG=1",
					"$(inherited)",
				);
				GCC_WARN_64_TO_32_BIT_CONVERSION = YES;
				GCC_WARN_ABOUT_RETURN_TYPE = YES_ERROR;
				GCC_WARN_UNDECLARED_SELECTOR = YES;
				GCC_WARN_UNINITIALIZED_AUTOS = YES_AGGRESSIVE;
				GCC_WARN_UNUSED_FUNCTION = YES;
				GCC_WARN_UNUSED_VARIABLE = YES;
				IPHONEOS_DEPLOYMENT_TARGET = 18.1;
				LOCALIZATION_PREFERS_STRING_CATALOGS = YES;
				MTL_ENABLE_DEBUG_INFO = INCLUDE_SOURCE;
				MTL_FAST_MATH = YES;
				ONLY_ACTIVE_ARCH = YES;
				SDKROOT = iphoneos;
				SWIFT_ACTIVE_COMPILATION_CONDITIONS = "DEBUG $(inherited)";
				SWIFT_OPTIMIZATION_LEVEL = "-Onone";
			};
			name = Debug;
		};
		6903F2662CE2A27B0058630B /* Release */ = {
			isa = XCBuildConfiguration;
			buildSettings = {
				ALWAYS_SEARCH_USER_PATHS = NO;
				ASSETCATALOG_COMPILER_GENERATE_SWIFT_ASSET_SYMBOL_EXTENSIONS = YES;
				CLANG_ANALYZER_NONNULL = YES;
				CLANG_ANALYZER_NUMBER_OBJECT_CONVERSION = YES_AGGRESSIVE;
				CLANG_CXX_LANGUAGE_STANDARD = "gnu++20";
				CLANG_ENABLE_MODULES = YES;
				CLANG_ENABLE_OBJC_ARC = YES;
				CLANG_ENABLE_OBJC_WEAK = YES;
				CLANG_WARN_BLOCK_CAPTURE_AUTORELEASING = YES;
				CLANG_WARN_BOOL_CONVERSION = YES;
				CLANG_WARN_COMMA = YES;
				CLANG_WARN_CONSTANT_CONVERSION = YES;
				CLANG_WARN_DEPRECATED_OBJC_IMPLEMENTATIONS = YES;
				CLANG_WARN_DIRECT_OBJC_ISA_USAGE = YES_ERROR;
				CLANG_WARN_DOCUMENTATION_COMMENTS = YES;
				CLANG_WARN_EMPTY_BODY = YES;
				CLANG_WARN_ENUM_CONVERSION = YES;
				CLANG_WARN_INFINITE_RECURSION = YES;
				CLANG_WARN_INT_CONVERSION = YES;
				CLANG_WARN_NON_LITERAL_NULL_CONVERSION = YES;
				CLANG_WARN_OBJC_IMPLICIT_RETAIN_SELF = YES;
				CLANG_WARN_OBJC_LITERAL_CONVERSION = YES;
				CLANG_WARN_OBJC_ROOT_CLASS = YES_ERROR;
				CLANG_WARN_QUOTED_INCLUDE_IN_FRAMEWORK_HEADER = YES;
				CLANG_WARN_RANGE_LOOP_ANALYSIS = YES;
				CLANG_WARN_STRICT_PROTOTYPES = YES;
				CLANG_WARN_SUSPICIOUS_MOVE = YES;
				CLANG_WARN_UNGUARDED_AVAILABILITY = YES_AGGRESSIVE;
				CLANG_WARN_UNREACHABLE_CODE = YES;
				CLANG_WARN__DUPLICATE_METHOD_MATCH = YES;
				COPY_PHASE_STRIP = NO;
				DEBUG_INFORMATION_FORMAT = "dwarf-with-dsym";
				ENABLE_NS_ASSERTIONS = NO;
				ENABLE_STRICT_OBJC_MSGSEND = YES;
				ENABLE_USER_SCRIPT_SANDBOXING = YES;
				GCC_C_LANGUAGE_STANDARD = gnu17;
				GCC_NO_COMMON_BLOCKS = YES;
				GCC_WARN_64_TO_32_BIT_CONVERSION = YES;
				GCC_WARN_ABOUT_RETURN_TYPE = YES_ERROR;
				GCC_WARN_UNDECLARED_SELECTOR = YES;
				GCC_WARN_UNINITIALIZED_AUTOS = YES_AGGRESSIVE;
				GCC_WARN_UNUSED_FUNCTION = YES;
				GCC_WARN_UNUSED_VARIABLE = YES;
				IPHONEOS_DEPLOYMENT_TARGET = 18.1;
				LOCALIZATION_PREFERS_STRING_CATALOGS = YES;
				MTL_ENABLE_DEBUG_INFO = NO;
				MTL_FAST_MATH = YES;
				SDKROOT = iphoneos;
				SWIFT_COMPILATION_MODE = wholemodule;
				VALIDATE_PRODUCT = YES;
			};
			name = Release;
		};
		6903F2682CE2A27B0058630B /* Debug */ = {
			isa = XCBuildConfiguration;
			buildSettings = {
				ASSETCATALOG_COMPILER_APPICON_NAME = AppIcon;
				ASSETCATALOG_COMPILER_GLOBAL_ACCENT_COLOR_NAME = AccentColor;
				CODE_SIGN_STYLE = Automatic;
				CURRENT_PROJECT_VERSION = 1;
				DEVELOPMENT_ASSET_PATHS = "\"dewy/Preview Content\"";
				DEVELOPMENT_TEAM = 39KZ64UMWB;
				ENABLE_PREVIEWS = YES;
				GENERATE_INFOPLIST_FILE = YES;
				INFOPLIST_FILE = dewy/Info.plist;
				INFOPLIST_KEY_CFBundleDisplayName = dewy;
				INFOPLIST_KEY_NSCameraUsageDescription = "dewy requires access to your device's camera to upload outfits.";
				INFOPLIST_KEY_NSLocationWhenInUseUsageDescription = "Please allow dewy to accurately set the current city you are located in. We do not track or share your exact location.";
				INFOPLIST_KEY_NSPhotoLibraryUsageDescription = "dewy requires access to your photo library to upload outfits.";
				INFOPLIST_KEY_UIApplicationSceneManifest_Generation = YES;
				INFOPLIST_KEY_UIApplicationSupportsIndirectInputEvents = YES;
				INFOPLIST_KEY_UILaunchScreen_Generation = YES;
				INFOPLIST_KEY_UISupportedInterfaceOrientations = UIInterfaceOrientationPortrait;
				INFOPLIST_KEY_UISupportedInterfaceOrientations_iPad = "UIInterfaceOrientationLandscapeLeft UIInterfaceOrientationLandscapeRight UIInterfaceOrientationPortrait UIInterfaceOrientationPortraitUpsideDown";
				LD_RUNPATH_SEARCH_PATHS = (
					"$(inherited)",
					"@executable_path/Frameworks",
				);
				MARKETING_VERSION = 1.0;
				PRODUCT_BUNDLE_IDENTIFIER = com.chadmontoya.dewy;
				PRODUCT_NAME = "$(TARGET_NAME)";
				SUPPORTED_PLATFORMS = "iphoneos iphonesimulator";
				SUPPORTS_MACCATALYST = NO;
				SUPPORTS_MAC_DESIGNED_FOR_IPHONE_IPAD = NO;
				SUPPORTS_XR_DESIGNED_FOR_IPHONE_IPAD = NO;
				SWIFT_EMIT_LOC_STRINGS = YES;
				SWIFT_VERSION = 5.0;
				TARGETED_DEVICE_FAMILY = 1;
			};
			name = Debug;
		};
		6903F2692CE2A27B0058630B /* Release */ = {
			isa = XCBuildConfiguration;
			buildSettings = {
				ASSETCATALOG_COMPILER_APPICON_NAME = AppIcon;
				ASSETCATALOG_COMPILER_GLOBAL_ACCENT_COLOR_NAME = AccentColor;
				CODE_SIGN_STYLE = Automatic;
				CURRENT_PROJECT_VERSION = 1;
				DEVELOPMENT_ASSET_PATHS = "\"dewy/Preview Content\"";
				DEVELOPMENT_TEAM = 39KZ64UMWB;
				ENABLE_PREVIEWS = YES;
				GENERATE_INFOPLIST_FILE = YES;
				INFOPLIST_FILE = dewy/Info.plist;
				INFOPLIST_KEY_CFBundleDisplayName = dewy;
				INFOPLIST_KEY_NSCameraUsageDescription = "dewy requires access to your device's camera to upload outfits.";
				INFOPLIST_KEY_NSLocationWhenInUseUsageDescription = "Please allow dewy to accurately set the current city you are located in. We do not track or share your exact location.";
				INFOPLIST_KEY_NSPhotoLibraryUsageDescription = "dewy requires access to your photo library to upload outfits.";
				INFOPLIST_KEY_UIApplicationSceneManifest_Generation = YES;
				INFOPLIST_KEY_UIApplicationSupportsIndirectInputEvents = YES;
				INFOPLIST_KEY_UILaunchScreen_Generation = YES;
				INFOPLIST_KEY_UISupportedInterfaceOrientations = UIInterfaceOrientationPortrait;
				INFOPLIST_KEY_UISupportedInterfaceOrientations_iPad = "UIInterfaceOrientationLandscapeLeft UIInterfaceOrientationLandscapeRight UIInterfaceOrientationPortrait UIInterfaceOrientationPortraitUpsideDown";
				LD_RUNPATH_SEARCH_PATHS = (
					"$(inherited)",
					"@executable_path/Frameworks",
				);
				MARKETING_VERSION = 1.0;
				PRODUCT_BUNDLE_IDENTIFIER = com.chadmontoya.dewy;
				PRODUCT_NAME = "$(TARGET_NAME)";
				SUPPORTED_PLATFORMS = "iphoneos iphonesimulator";
				SUPPORTS_MACCATALYST = NO;
				SUPPORTS_MAC_DESIGNED_FOR_IPHONE_IPAD = NO;
				SUPPORTS_XR_DESIGNED_FOR_IPHONE_IPAD = NO;
				SWIFT_EMIT_LOC_STRINGS = YES;
				SWIFT_VERSION = 5.0;
				TARGETED_DEVICE_FAMILY = 1;
			};
			name = Release;
		};
		6903F26B2CE2A27B0058630B /* Debug */ = {
			isa = XCBuildConfiguration;
			buildSettings = {
				BUNDLE_LOADER = "$(TEST_HOST)";
				CODE_SIGN_STYLE = Automatic;
				CURRENT_PROJECT_VERSION = 1;
				GENERATE_INFOPLIST_FILE = YES;
				IPHONEOS_DEPLOYMENT_TARGET = 18.1;
				MARKETING_VERSION = 1.0;
				PRODUCT_BUNDLE_IDENTIFIER = com.chadmontoya.dewyTests;
				PRODUCT_NAME = "$(TARGET_NAME)";
				SWIFT_EMIT_LOC_STRINGS = NO;
				SWIFT_VERSION = 5.0;
				TARGETED_DEVICE_FAMILY = "1,2";
				TEST_HOST = "$(BUILT_PRODUCTS_DIR)/dewy.app/$(BUNDLE_EXECUTABLE_FOLDER_PATH)/dewy";
			};
			name = Debug;
		};
		6903F26C2CE2A27B0058630B /* Release */ = {
			isa = XCBuildConfiguration;
			buildSettings = {
				BUNDLE_LOADER = "$(TEST_HOST)";
				CODE_SIGN_STYLE = Automatic;
				CURRENT_PROJECT_VERSION = 1;
				GENERATE_INFOPLIST_FILE = YES;
				IPHONEOS_DEPLOYMENT_TARGET = 18.1;
				MARKETING_VERSION = 1.0;
				PRODUCT_BUNDLE_IDENTIFIER = com.chadmontoya.dewyTests;
				PRODUCT_NAME = "$(TARGET_NAME)";
				SWIFT_EMIT_LOC_STRINGS = NO;
				SWIFT_VERSION = 5.0;
				TARGETED_DEVICE_FAMILY = "1,2";
				TEST_HOST = "$(BUILT_PRODUCTS_DIR)/dewy.app/$(BUNDLE_EXECUTABLE_FOLDER_PATH)/dewy";
			};
			name = Release;
		};
		6903F26E2CE2A27B0058630B /* Debug */ = {
			isa = XCBuildConfiguration;
			buildSettings = {
				CODE_SIGN_STYLE = Automatic;
				CURRENT_PROJECT_VERSION = 1;
				GENERATE_INFOPLIST_FILE = YES;
				MARKETING_VERSION = 1.0;
				PRODUCT_BUNDLE_IDENTIFIER = com.chadmontoya.dewyUITests;
				PRODUCT_NAME = "$(TARGET_NAME)";
				SWIFT_EMIT_LOC_STRINGS = NO;
				SWIFT_VERSION = 5.0;
				TARGETED_DEVICE_FAMILY = "1,2";
				TEST_TARGET_NAME = dewy;
			};
			name = Debug;
		};
		6903F26F2CE2A27B0058630B /* Release */ = {
			isa = XCBuildConfiguration;
			buildSettings = {
				CODE_SIGN_STYLE = Automatic;
				CURRENT_PROJECT_VERSION = 1;
				GENERATE_INFOPLIST_FILE = YES;
				MARKETING_VERSION = 1.0;
				PRODUCT_BUNDLE_IDENTIFIER = com.chadmontoya.dewyUITests;
				PRODUCT_NAME = "$(TARGET_NAME)";
				SWIFT_EMIT_LOC_STRINGS = NO;
				SWIFT_VERSION = 5.0;
				TARGETED_DEVICE_FAMILY = "1,2";
				TEST_TARGET_NAME = dewy;
			};
			name = Release;
		};
/* End XCBuildConfiguration section */

/* Begin XCConfigurationList section */
		6903F2392CE2A2790058630B /* Build configuration list for PBXProject "dewy" */ = {
			isa = XCConfigurationList;
			buildConfigurations = (
				6903F2652CE2A27B0058630B /* Debug */,
				6903F2662CE2A27B0058630B /* Release */,
			);
			defaultConfigurationIsVisible = 0;
			defaultConfigurationName = Release;
		};
		6903F2672CE2A27B0058630B /* Build configuration list for PBXNativeTarget "dewy" */ = {
			isa = XCConfigurationList;
			buildConfigurations = (
				6903F2682CE2A27B0058630B /* Debug */,
				6903F2692CE2A27B0058630B /* Release */,
			);
			defaultConfigurationIsVisible = 0;
			defaultConfigurationName = Release;
		};
		6903F26A2CE2A27B0058630B /* Build configuration list for PBXNativeTarget "dewyTests" */ = {
			isa = XCConfigurationList;
			buildConfigurations = (
				6903F26B2CE2A27B0058630B /* Debug */,
				6903F26C2CE2A27B0058630B /* Release */,
			);
			defaultConfigurationIsVisible = 0;
			defaultConfigurationName = Release;
		};
		6903F26D2CE2A27B0058630B /* Build configuration list for PBXNativeTarget "dewyUITests" */ = {
			isa = XCConfigurationList;
			buildConfigurations = (
				6903F26E2CE2A27B0058630B /* Debug */,
				6903F26F2CE2A27B0058630B /* Release */,
			);
			defaultConfigurationIsVisible = 0;
			defaultConfigurationName = Release;
		};
/* End XCConfigurationList section */

/* Begin XCRemoteSwiftPackageReference section */
		690188752CF8FE37006A0CA6 /* XCRemoteSwiftPackageReference "supabase-swift" */ = {
			isa = XCRemoteSwiftPackageReference;
			repositoryURL = "https://github.com/supabase/supabase-swift";
			requirement = {
				kind = upToNextMajorVersion;
				minimumVersion = 2.5.1;
			};
		};
		6901F9F22D72EE40008DECF3 /* XCRemoteSwiftPackageReference "SwiftUI-Shimmer" */ = {
			isa = XCRemoteSwiftPackageReference;
			repositoryURL = "https://github.com/markiv/SwiftUI-Shimmer";
			requirement = {
				kind = upToNextMajorVersion;
				minimumVersion = 1.5.1;
			};
		};
		6903F2882CE3FED60058630B /* XCRemoteSwiftPackageReference "GoogleSignIn-iOS" */ = {
			isa = XCRemoteSwiftPackageReference;
			repositoryURL = "https://github.com/google/GoogleSignIn-iOS";
			requirement = {
				kind = upToNextMajorVersion;
				minimumVersion = 8.0.0;
			};
		};
		693B81942D6FCD1A000E3498 /* XCRemoteSwiftPackageReference "SimpleToast" */ = {
			isa = XCRemoteSwiftPackageReference;
			repositoryURL = "https://github.com/sanzaru/SimpleToast";
			requirement = {
				kind = upToNextMajorVersion;
				minimumVersion = 0.10.1;
			};
		};
		6971BD9D2D0E3A640063F2FC /* XCRemoteSwiftPackageReference "SwiftyCrop" */ = {
			isa = XCRemoteSwiftPackageReference;
			repositoryURL = "https://github.com/benedom/SwiftyCrop";
			requirement = {
				branch = master;
				kind = branch;
			};
		};
		69CA55122D77AFE90091FDF7 /* XCRemoteSwiftPackageReference "Alamofire" */ = {
			isa = XCRemoteSwiftPackageReference;
			repositoryURL = "https://github.com/Alamofire/Alamofire.git";
			requirement = {
				kind = upToNextMajorVersion;
				minimumVersion = 5.10.2;
			};
		};
/* End XCRemoteSwiftPackageReference section */

/* Begin XCSwiftPackageProductDependency section */
		690188762CF8FE37006A0CA6 /* Supabase */ = {
			isa = XCSwiftPackageProductDependency;
			package = 690188752CF8FE37006A0CA6 /* XCRemoteSwiftPackageReference "supabase-swift" */;
			productName = Supabase;
		};
		6903F2892CE3FED60058630B /* GoogleSignIn */ = {
			isa = XCSwiftPackageProductDependency;
			package = 6903F2882CE3FED60058630B /* XCRemoteSwiftPackageReference "GoogleSignIn-iOS" */;
			productName = GoogleSignIn;
		};
		690991172D0E3B2400419383 /* GoogleSignInSwift */ = {
			isa = XCSwiftPackageProductDependency;
			package = 6903F2882CE3FED60058630B /* XCRemoteSwiftPackageReference "GoogleSignIn-iOS" */;
			productName = GoogleSignInSwift;
		};
		690991192D0E3B2400419383 /* SwiftyCrop */ = {
			isa = XCSwiftPackageProductDependency;
			package = 6971BD9D2D0E3A640063F2FC /* XCRemoteSwiftPackageReference "SwiftyCrop" */;
			productName = SwiftyCrop;
		};
		69BF98632D6FCF0200CF2660 /* SimpleToast */ = {
			isa = XCSwiftPackageProductDependency;
			package = 693B81942D6FCD1A000E3498 /* XCRemoteSwiftPackageReference "SimpleToast" */;
			productName = SimpleToast;
		};
		69CA52D52D72F1230091FDF7 /* Shimmer */ = {
			isa = XCSwiftPackageProductDependency;
			package = 6901F9F22D72EE40008DECF3 /* XCRemoteSwiftPackageReference "SwiftUI-Shimmer" */;
			productName = Shimmer;
		};
		69CA55132D77AFF70091FDF7 /* Alamofire */ = {
			isa = XCSwiftPackageProductDependency;
			package = 69CA55122D77AFE90091FDF7 /* XCRemoteSwiftPackageReference "Alamofire" */;
			productName = Alamofire;
		};
/* End XCSwiftPackageProductDependency section */
	};
	rootObject = 6903F2362CE2A2790058630B /* Project object */;
}
